// !$*UTF8*$!
{
	archiveVersion = 1;
	classes = {
	};
	objectVersion = 46;
	objects = {

/* Begin PBXBuildFile section */
		F0C7282D1D6ED1240095EEBD /* AppDelegate.swift in Sources */ = {isa = PBXBuildFile; fileRef = F0C7282C1D6ED1240095EEBD /* AppDelegate.swift */; };
		F0C7282F1D6ED1240095EEBD /* ViewController.swift in Sources */ = {isa = PBXBuildFile; fileRef = F0C7282E1D6ED1240095EEBD /* ViewController.swift */; };
		F0C728321D6ED1240095EEBD /* Main.storyboard in Resources */ = {isa = PBXBuildFile; fileRef = F0C728301D6ED1240095EEBD /* Main.storyboard */; };
		F0C728341D6ED1240095EEBD /* Assets.xcassets in Resources */ = {isa = PBXBuildFile; fileRef = F0C728331D6ED1240095EEBD /* Assets.xcassets */; };
		F0C728371D6ED1240095EEBD /* LaunchScreen.storyboard in Resources */ = {isa = PBXBuildFile; fileRef = F0C728351D6ED1240095EEBD /* LaunchScreen.storyboard */; };
/* End PBXBuildFile section */

/* Begin PBXFileReference section */
		F0C728291D6ED1240095EEBD /* swift App.app */ = {isa = PBXFileReference; explicitFileType = wrapper.application; includeInIndex = 0; path = "swift App.app"; sourceTree = BUILT_PRODUCTS_DIR; };
		F0C7282C1D6ED1240095EEBD /* AppDelegate.swift */ = {isa = PBXFileReference; lastKnownFileType = sourcecode.swift; path = AppDelegate.swift; sourceTree = "<group>"; };
		F0C7282E1D6ED1240095EEBD /* ViewController.swift */ = {isa = PBXFileReference; lastKnownFileType = sourcecode.swift; path = ViewController.swift; sourceTree = "<group>"; };
		F0C728311D6ED1240095EEBD /* Base */ = {isa = PBXFileReference; lastKnownFileType = file.storyboard; name = Base; path = Base.lproj/Main.storyboard; sourceTree = "<group>"; };
		F0C728331D6ED1240095EEBD /* Assets.xcassets */ = {isa = PBXFileReference; lastKnownFileType = folder.assetcatalog; path = Assets.xcassets; sourceTree = "<group>"; };
		F0C728361D6ED1240095EEBD /* Base */ = {isa = PBXFileReference; lastKnownFileType = file.storyboard; name = Base; path = Base.lproj/LaunchScreen.storyboard; sourceTree = "<group>"; };
		F0C728381D6ED1240095EEBD /* Info.plist */ = {isa = PBXFileReference; lastKnownFileType = text.plist.xml; path = Info.plist; sourceTree = "<group>"; };
/* End PBXFileReference section */

/* Begin PBXFrameworksBuildPhase section */
		F0C728261D6ED1240095EEBD /* Frameworks */ = {
			isa = PBXFrameworksBuildPhase;
			buildActionMask = 2147483647;
			files = (
			);
			runOnlyForDeploymentPostprocessing = 0;
		};
/* End PBXFrameworksBuildPhase section */

/* Begin PBXGroup section */
		F0C728201D6ED1240095EEBD = {
			isa = PBXGroup;
			children = (
				F0C7282B1D6ED1240095EEBD /* swift App */,
				F0C7282A1D6ED1240095EEBD /* Products */,
			);
			sourceTree = "<group>";
		};
		F0C7282A1D6ED1240095EEBD /* Products */ = {
			isa = PBXGroup;
			children = (
				F0C728291D6ED1240095EEBD /* swift App.app */,
			);
			name = Products;
			sourceTree = "<group>";
		};
		F0C7282B1D6ED1240095EEBD /* swift App */ = {
			isa = PBXGroup;
			children = (
				F0C7282C1D6ED1240095EEBD /* AppDelegate.swift */,
				F0C7282E1D6ED1240095EEBD /* ViewController.swift */,
				F0C728301D6ED1240095EEBD /* Main.storyboard */,
				F0C728331D6ED1240095EEBD /* Assets.xcassets */,
				F0C728351D6ED1240095EEBD /* LaunchScreen.storyboard */,
				F0C728381D6ED1240095EEBD /* Info.plist */,
			);
			path = "swift App";
			sourceTree = "<group>";
		};
/* End PBXGroup section */

/* Begin PBXNativeTarget section */
		F0C728281D6ED1240095EEBD /* swift App */ = {
			isa = PBXNativeTarget;
			buildConfigurationList = F0C7283B1D6ED1240095EEBD /* Build configuration list for PBXNativeTarget "swift App" */;
			buildPhases = (
				F0C728251D6ED1240095EEBD /* Sources */,
				F0C728261D6ED1240095EEBD /* Frameworks */,
				F0C728271D6ED1240095EEBD /* Resources */,
			);
			buildRules = (
			);
			dependencies = (
			);
			name = "swift App";
			productName = "swift App";
			productReference = F0C728291D6ED1240095EEBD /* swift App.app */;
			productType = "com.apple.product-type.application";
		};
/* End PBXNativeTarget section */

/* Begin PBXProject section */
		F0C728211D6ED1240095EEBD /* Project object */ = {
			isa = PBXProject;
			attributes = {
				LastSwiftUpdateCheck = 0730;
				LastUpgradeCheck = 0730;
				ORGANIZATIONNAME = "brad blake";
				TargetAttributes = {
					F0C728281D6ED1240095EEBD = {
						CreatedOnToolsVersion = 7.3.1;
					};
				};
			};
			buildConfigurationList = F0C728241D6ED1240095EEBD /* Build configuration list for PBXProject "swift App" */;
			compatibilityVersion = "Xcode 3.2";
			developmentRegion = English;
			hasScannedForEncodings = 0;
			knownRegions = (
				en,
				Base,
			);
			mainGroup = F0C728201D6ED1240095EEBD;
			productRefGroup = F0C7282A1D6ED1240095EEBD /* Products */;
			projectDirPath = "";
			projectRoot = "";
			targets = (
				F0C728281D6ED1240095EEBD /* swift App */,
			);
		};
/* End PBXProject section */

/* Begin PBXResourcesBuildPhase section */
		F0C728271D6ED1240095EEBD /* Resources */ = {
			isa = PBXResourcesBuildPhase;
			buildActionMask = 2147483647;
			files = (
				F0C728371D6ED1240095EEBD /* LaunchScreen.storyboard in Resources */,
				F0C728341D6ED1240095EEBD /* Assets.xcassets in Resources */,
				F0C728321D6ED1240095EEBD /* Main.storyboard in Resources */,
			);
			runOnlyForDeploymentPostprocessing = 0;
		};
/* End PBXResourcesBuildPhase section */

/* Begin PBXSourcesBuildPhase section */
		F0C728251D6ED1240095EEBD /* Sources */ = {
			isa = PBXSourcesBuildPhase;
			buildActionMask = 2147483647;
			files = (
				F0C7282F1D6ED1240095EEBD /* ViewController.swift in Sources */,
				F0C7282D1D6ED1240095EEBD /* AppDelegate.swift in Sources */,
			);
			runOnlyForDeploymentPostprocessing = 0;
		};
/* End PBXSourcesBuildPhase section */

/* Begin PBXVariantGroup section */
		F0C728301D6ED1240095EEBD /* Main.storyboard */ = {
			isa = PBXVariantGroup;
			children = (
				F0C728311D6ED1240095EEBD /* Base */,
			);
			name = Main.storyboard;
			sourceTree = "<group>";
		};
		F0C728351D6ED1240095EEBD /* LaunchScreen.storyboard */ = {
			isa = PBXVariantGroup;
			children = (
				F0C728361D6ED1240095EEBD /* Base */,
			);
			name = LaunchScreen.storyboard;
			sourceTree = "<group>";
		};
/* End PBXVariantGroup section */

/* Begin XCBuildConfiguration section */
		F0C728391D6ED1240095EEBD /* Debug */ = {
			isa = XCBuildConfiguration;
			buildSettings = {
				ALWAYS_SEARCH_USER_PATHS = NO;
				CLANG_ANALYZER_NONNULL = YES;
				CLANG_CXX_LANGUAGE_STANDARD = "gnu++0x";
				CLANG_CXX_LIBRARY = "libc++";
				CLANG_ENABLE_MODULES = YES;
				CLANG_ENABLE_OBJC_ARC = YES;
				CLANG_WARN_BOOL_CONVERSION = YES;
				CLANG_WARN_CONSTANT_CONVERSION = YES;
				CLANG_WARN_DIRECT_OBJC_ISA_USAGE = YES_ERROR;
				CLANG_WARN_EMPTY_BODY = YES;
				CLANG_WARN_ENUM_CONVERSION = YES;
				CLANG_WARN_INT_CONVERSION = YES;
				CLANG_WARN_OBJC_ROOT_CLASS = YES_ERROR;
				CLANG_WARN_UNREACHABLE_CODE = YES;
				CLANG_WARN__DUPLICATE_METHOD_MATCH = YES;
				"CODE_SIGN_IDENTITY[sdk=iphoneos*]" = "iPhone Developer";
				COPY_PHASE_STRIP = NO;
				DEBUG_INFORMATION_FORMAT = dwarf;
				ENABLE_STRICT_OBJC_MSGSEND = YES;
				ENABLE_TESTABILITY = YES;
				GCC_C_LANGUAGE_STANDARD = gnu99;
				GCC_DYNAMIC_NO_PIC = NO;
				GCC_NO_COMMON_BLOCKS = YES;
				GCC_OPTIMIZATION_LEVEL = 0;
				GCC_PREPROCESSOR_DEFINITIONS = (
					"DEBUG=1",
					"$(inherited)",
				);
				GCC_WARN_64_TO_32_BIT_CONVERSION = YES;
				GCC_WARN_ABOUT_RETURN_TYPE = YES_ERROR;
				GCC_WARN_UNDECLARED_SELECTOR = YES;
				GCC_WARN_UNINITIALIZED_AUTOS = YES_AGGRESSIVE;
				GCC_WARN_UNUSED_FUNCTION = YES;
				GCC_WARN_UNUSED_VARIABLE = YES;
				IPHONEOS_DEPLOYMENT_TARGET = 9.3;
				MTL_ENABLE_DEBUG_INFO = YES;
				ONLY_ACTIVE_ARCH = YES;
				SDKROOT = iphoneos;
				SWIFT_OPTIMIZATION_LEVEL = "-Onone";
				TARGETED_DEVICE_FAMILY = "1,2";
			};
			name = Debug;
		};
		F0C7283A1D6ED1240095EEBD /* Release */ = {
			isa = XCBuildConfiguration;
			buildSettings = {
				ALWAYS_SEARCH_USER_PATHS = NO;
				CLANG_ANALYZER_NONNULL = YES;
				CLANG_CXX_LANGUAGE_STANDARD = "gnu++0x";
				CLANG_CXX_LIBRARY = "libc++";
				CLANG_ENABLE_MODULES = YES;
				CLANG_ENABLE_OBJC_ARC = YES;
				CLANG_WARN_BOOL_CONVERSION = YES;
				CLANG_WARN_CONSTANT_CONVERSION = YES;
				CLANG_WARN_DIRECT_OBJC_ISA_USAGE = YES_ERROR;
				CLANG_WARN_EMPTY_BODY = YES;
				CLANG_WARN_ENUM_CONVERSION = YES;
				CLANG_WARN_INT_CONVERSION = YES;
				CLANG_WARN_OBJC_ROOT_CLASS = YES_ERROR;
				CLANG_WARN_UNREACHABLE_CODE = YES;
				CLANG_WARN__DUPLICATE_METHOD_MATCH = YES;
				"CODE_SIGN_IDENTITY[sdk=iphoneos*]" = "iPhone Developer";
				COPY_PHASE_STRIP = NO;
				DEBUG_INFORMATION_FORMAT = "dwarf-with-dsym";
				ENABLE_NS_ASSERTIONS = NO;
				ENABLE_STRICT_OBJC_MSGSEND = YES;
				GCC_C_LANGUAGE_STANDARD = gnu99;
				GCC_NO_COMMON_BLOCKS = YES;
				GCC_WARN_64_TO_32_BIT_CONVERSION = YES;
				GCC_WARN_ABOUT_RETURN_TYPE = YES_ERROR;
				GCC_WARN_UNDECLARED_SELECTOR = YES;
				GCC_WARN_UNINITIALIZED_AUTOS = YES_AGGRESSIVE;
				GCC_WARN_UNUSED_FUNCTION = YES;
				GCC_WARN_UNUSED_VARIABLE = YES;
				IPHONEOS_DEPLOYMENT_TARGET = 9.3;
				MTL_ENABLE_DEBUG_INFO = NO;
				SDKROOT = iphoneos;
				TARGETED_DEVICE_FAMILY = "1,2";
				VALIDATE_PRODUCT = YES;
			};
			name = Release;
		};
		F0C7283C1D6ED1240095EEBD /* Debug */ = {
			isa = XCBuildConfiguration;
			buildSettings = {
				ASSETCATALOG_COMPILER_APPICON_NAME = AppIcon;
				INFOPLIST_FILE = "swift App/Info.plist";
				LD_RUNPATH_SEARCH_PATHS = "$(inherited) @executable_path/Frameworks";
				PRODUCT_BUNDLE_IDENTIFIER = "Thedesigndepot.swift-App";
				PRODUCT_NAME = "$(TARGET_NAME)";
			};
			name = Debug;
		};
		F0C7283D1D6ED1240095EEBD /* Release */ = {
			isa = XCBuildConfiguration;
			buildSettings = {
				ASSETCATALOG_COMPILER_APPICON_NAME = AppIcon;
				INFOPLIST_FILE = "swift App/Info.plist";
				LD_RUNPATH_SEARCH_PATHS = "$(inherited) @executable_path/Frameworks";
				PRODUCT_BUNDLE_IDENTIFIER = "Thedesigndepot.swift-App";
				PRODUCT_NAME = "$(TARGET_NAME)";
			};
			name = Release;
		};
/* End XCBuildConfiguration section */

/* Begin XCConfigurationList section */
		F0C728241D6ED1240095EEBD /* Build configuration list for PBXProject "swift App" */ = {
			isa = XCConfigurationList;
			buildConfigurations = (
				F0C728391D6ED1240095EEBD /* Debug */,
				F0C7283A1D6ED1240095EEBD /* Release */,
			);
			defaultConfigurationIsVisible = 0;
			defaultConfigurationName = Release;
		};
		F0C7283B1D6ED1240095EEBD /* Build configuration list for PBXNativeTarget "swift App" */ = {
			isa = XCConfigurationList;
			buildConfigurations = (
				F0C7283C1D6ED1240095EEBD /* Debug */,
				F0C7283D1D6ED1240095EEBD /* Release */,
			);
			defaultConfigurationIsVisible = 0;
		};
/* End XCConfigurationList section */
	};
	rootObject = F0C728211D6ED1240095EEBD /* Project object */;
}
